
Microsoft Visual Studio Solution File, Format Version 12.00
# Visual Studio 2012
Project("{FAE04EC0-301F-11D3-BF4B-00C04F79EFBC}") = "CSharpWarrior.Web", "CSharpWarrior.Web\CSharpWarrior.Web.csproj", "{E9C26F99-3FC2-4D76-A317-BB2A613C9521}"
EndProject
Project("{2150E333-8FDC-42A3-9474-1A3956D46DE8}") = ".nuget", ".nuget", "{CACE9E9B-9DFD-47D7-A551-525B10A79AEC}"
	ProjectSection(SolutionItems) = preProject
		.nuget\NuGet.Config = .nuget\NuGet.Config
		.nuget\NuGet.exe = .nuget\NuGet.exe
		.nuget\NuGet.targets = .nuget\NuGet.targets
	EndProjectSection
EndProject
Global
	GlobalSection(SolutionConfigurationPlatforms) = preSolution
		Debug|Any CPU = Debug|Any CPU
		Release|Any CPU = Release|Any CPU
	EndGlobalSection
	GlobalSection(ProjectConfigurationPlatforms) = postSolution
		{E9C26F99-3FC2-4D76-A317-BB2A613C9521}.Debug|Any CPU.ActiveCfg = Debug|Any CPU
		{E9C26F99-3FC2-4D76-A317-BB2A613C9521}.Debug|Any CPU.Build.0 = Debug|Any CPU
		{E9C26F99-3FC2-4D76-A317-BB2A613C9521}.Release|Any CPU.ActiveCfg = Release|Any CPU
		{E9C26F99-3FC2-4D76-A317-BB2A613C9521}.Release|Any CPU.Build.0 = Release|Any CPU
	EndGlobalSection
	GlobalSection(SolutionProperties) = preSolution
		HideSolutionNode = FALSE
	EndGlobalSection
EndGlobal
